
Microsoft Visual Studio Solution File, Format Version 12.00
# Visual Studio Version 17
VisualStudioVersion = 17.8.34330.188
MinimumVisualStudioVersion = 10.0.40219.1
Project("{9A19103F-16F7-4668-BE54-9A1E7A4F7556}") = "ProjetPizza", "ProjetPizza\ProjetPizza.csproj", "{EE30631D-D8BA-456E-9129-2329FDF3AEAE}"
EndProject
Global
	GlobalSection(SolutionConfigurationPlatforms) = preSolution
		Debug|Any CPU = Debug|Any CPU
		Release|Any CPU = Release|Any CPU
	EndGlobalSection
	GlobalSection(ProjectConfigurationPlatforms) = postSolution
		{EE30631D-D8BA-456E-9129-2329FDF3AEAE}.Debug|Any CPU.ActiveCfg = Debug|Any CPU
		{EE30631D-D8BA-456E-9129-2329FDF3AEAE}.Debug|Any CPU.Build.0 = Debug|Any CPU
		{EE30631D-D8BA-456E-9129-2329FDF3AEAE}.Release|Any CPU.ActiveCfg = Release|Any CPU
		{EE30631D-D8BA-456E-9129-2329FDF3AEAE}.Release|Any CPU.Build.0 = Release|Any CPU
	EndGlobalSection
	GlobalSection(SolutionProperties) = preSolution
		HideSolutionNode = FALSE
	EndGlobalSection
	GlobalSection(ExtensibilityGlobals) = postSolution
		SolutionGuid = {32BF6291-9EB8-41C5-AB4B-9A4398A548B4}
	EndGlobalSection
EndGlobal
